
Microsoft Visual Studio Solution File, Format Version 12.00
# Visual Studio Version 17
VisualStudioVersion = 17.0.31903.59
MinimumVisualStudioVersion = 10.0.40219.1
Project("{FAE04EC0-301F-11D3-BF4B-00C04F79EFBC}") = "ORelay", "src\ORelay\ORelay.csproj", "{2A3A4D5F-4A9A-4F46-8F47-2D0365DD8F56}"
EndProject
Project("{FAE04EC0-301F-11D3-BF4B-00C04F79EFBC}") = "ORelay.Tests", "tests\ORelay.Tests\ORelay.Tests.csproj", "{F1DC9E75-4DC4-48E1-AFA1-3E7D5A8F9A5C}"
EndProject
Project("{2150E333-8FDC-42A3-9474-1A3956D46DE8}") = "src", "src", "{827E0CD3-B72D-47B6-A68D-7590B98EB39B}"
EndProject
Project("{FAE04EC0-301F-11D3-BF4B-00C04F79EFBC}") = "ORelay.Aspire.Hosting", "src\ORelay.Aspire.Hosting\ORelay.Aspire.Hosting.csproj", "{C77F0509-B5EA-4083-85C2-96A37EABD538}"
EndProject
Project("{2150E333-8FDC-42A3-9474-1A3956D46DE8}") = "tests", "tests", "{0AB3BF05-4346-4AA6-1389-037BE0695223}"
EndProject
Project("{FAE04EC0-301F-11D3-BF4B-00C04F79EFBC}") = "ORelay.Aspire.Hosting.Tests", "tests\ORelay.Aspire.Hosting.Tests\ORelay.Aspire.Hosting.Tests.csproj", "{061A36B5-47F1-4427-9051-92FC2DA493A8}"
EndProject
Project("{2150E333-8FDC-42A3-9474-1A3956D46DE8}") = "samples", "samples", "{5D20AA90-6969-D8BD-9DCD-8634F4692FDA}"
EndProject
Project("{FAE04EC0-301F-11D3-BF4B-00C04F79EFBC}") = "ORelay.Sample.AppHost", "samples\ORelay.Sample.AppHost\ORelay.Sample.AppHost.csproj", "{A00EA36C-D1EC-45B4-8DCA-C99867D20745}"
EndProject
Project("{FAE04EC0-301F-11D3-BF4B-00C04F79EFBC}") = "ORelay.Sample.Api", "samples\ORelay.Sample.Api\ORelay.Sample.Api.csproj", "{E07E25E5-DD22-4A8A-B87C-1E4C846F2BEB}"
EndProject
Project("{FAE04EC0-301F-11D3-BF4B-00C04F79EFBC}") = "ORelay.Sample.Provider", "samples\ORelay.Sample.Provider\ORelay.Sample.Provider.csproj", "{2AC9767B-B645-4AB0-936D-342A45C56BFB}"
EndProject
Global
	GlobalSection(SolutionConfigurationPlatforms) = preSolution
		Debug|Any CPU = Debug|Any CPU
		Debug|x64 = Debug|x64
		Debug|x86 = Debug|x86
		Release|Any CPU = Release|Any CPU
		Release|x64 = Release|x64
		Release|x86 = Release|x86
	EndGlobalSection
	GlobalSection(ProjectConfigurationPlatforms) = postSolution
		{2A3A4D5F-4A9A-4F46-8F47-2D0365DD8F56}.Debug|Any CPU.ActiveCfg = Debug|Any CPU
		{2A3A4D5F-4A9A-4F46-8F47-2D0365DD8F56}.Debug|Any CPU.Build.0 = Debug|Any CPU
		{2A3A4D5F-4A9A-4F46-8F47-2D0365DD8F56}.Debug|x64.ActiveCfg = Debug|Any CPU
		{2A3A4D5F-4A9A-4F46-8F47-2D0365DD8F56}.Debug|x64.Build.0 = Debug|Any CPU
		{2A3A4D5F-4A9A-4F46-8F47-2D0365DD8F56}.Debug|x86.ActiveCfg = Debug|Any CPU
		{2A3A4D5F-4A9A-4F46-8F47-2D0365DD8F56}.Debug|x86.Build.0 = Debug|Any CPU
		{2A3A4D5F-4A9A-4F46-8F47-2D0365DD8F56}.Release|Any CPU.ActiveCfg = Release|Any CPU
		{2A3A4D5F-4A9A-4F46-8F47-2D0365DD8F56}.Release|Any CPU.Build.0 = Release|Any CPU
		{2A3A4D5F-4A9A-4F46-8F47-2D0365DD8F56}.Release|x64.ActiveCfg = Release|Any CPU
		{2A3A4D5F-4A9A-4F46-8F47-2D0365DD8F56}.Release|x64.Build.0 = Release|Any CPU
		{2A3A4D5F-4A9A-4F46-8F47-2D0365DD8F56}.Release|x86.ActiveCfg = Release|Any CPU
		{2A3A4D5F-4A9A-4F46-8F47-2D0365DD8F56}.Release|x86.Build.0 = Release|Any CPU
		{F1DC9E75-4DC4-48E1-AFA1-3E7D5A8F9A5C}.Debug|Any CPU.ActiveCfg = Debug|Any CPU
		{F1DC9E75-4DC4-48E1-AFA1-3E7D5A8F9A5C}.Debug|Any CPU.Build.0 = Debug|Any CPU
		{F1DC9E75-4DC4-48E1-AFA1-3E7D5A8F9A5C}.Debug|x64.ActiveCfg = Debug|Any CPU
		{F1DC9E75-4DC4-48E1-AFA1-3E7D5A8F9A5C}.Debug|x64.Build.0 = Debug|Any CPU
		{F1DC9E75-4DC4-48E1-AFA1-3E7D5A8F9A5C}.Debug|x86.ActiveCfg = Debug|Any CPU
		{F1DC9E75-4DC4-48E1-AFA1-3E7D5A8F9A5C}.Debug|x86.Build.0 = Debug|Any CPU
		{F1DC9E75-4DC4-48E1-AFA1-3E7D5A8F9A5C}.Release|Any CPU.ActiveCfg = Release|Any CPU
		{F1DC9E75-4DC4-48E1-AFA1-3E7D5A8F9A5C}.Release|Any CPU.Build.0 = Release|Any CPU
		{F1DC9E75-4DC4-48E1-AFA1-3E7D5A8F9A5C}.Release|x64.ActiveCfg = Release|Any CPU
		{F1DC9E75-4DC4-48E1-AFA1-3E7D5A8F9A5C}.Release|x64.Build.0 = Release|Any CPU
		{F1DC9E75-4DC4-48E1-AFA1-3E7D5A8F9A5C}.Release|x86.ActiveCfg = Release|Any CPU
		{F1DC9E75-4DC4-48E1-AFA1-3E7D5A8F9A5C}.Release|x86.Build.0 = Release|Any CPU
		{C77F0509-B5EA-4083-85C2-96A37EABD538}.Debug|Any CPU.ActiveCfg = Debug|Any CPU
		{C77F0509-B5EA-4083-85C2-96A37EABD538}.Debug|Any CPU.Build.0 = Debug|Any CPU
		{C77F0509-B5EA-4083-85C2-96A37EABD538}.Debug|x64.ActiveCfg = Debug|Any CPU
		{C77F0509-B5EA-4083-85C2-96A37EABD538}.Debug|x64.Build.0 = Debug|Any CPU
		{C77F0509-B5EA-4083-85C2-96A37EABD538}.Debug|x86.ActiveCfg = Debug|Any CPU
		{C77F0509-B5EA-4083-85C2-96A37EABD538}.Debug|x86.Build.0 = Debug|Any CPU
		{C77F0509-B5EA-4083-85C2-96A37EABD538}.Release|Any CPU.ActiveCfg = Release|Any CPU
		{C77F0509-B5EA-4083-85C2-96A37EABD538}.Release|Any CPU.Build.0 = Release|Any CPU
		{C77F0509-B5EA-4083-85C2-96A37EABD538}.Release|x64.ActiveCfg = Release|Any CPU
		{C77F0509-B5EA-4083-85C2-96A37EABD538}.Release|x64.Build.0 = Release|Any CPU
		{C77F0509-B5EA-4083-85C2-96A37EABD538}.Release|x86.ActiveCfg = Release|Any CPU
		{C77F0509-B5EA-4083-85C2-96A37EABD538}.Release|x86.Build.0 = Release|Any CPU
		{061A36B5-47F1-4427-9051-92FC2DA493A8}.Debug|Any CPU.ActiveCfg = Debug|Any CPU
		{061A36B5-47F1-4427-9051-92FC2DA493A8}.Debug|Any CPU.Build.0 = Debug|Any CPU
		{061A36B5-47F1-4427-9051-92FC2DA493A8}.Debug|x64.ActiveCfg = Debug|Any CPU
		{061A36B5-47F1-4427-9051-92FC2DA493A8}.Debug|x64.Build.0 = Debug|Any CPU
		{061A36B5-47F1-4427-9051-92FC2DA493A8}.Debug|x86.ActiveCfg = Debug|Any CPU
		{061A36B5-47F1-4427-9051-92FC2DA493A8}.Debug|x86.Build.0 = Debug|Any CPU
		{061A36B5-47F1-4427-9051-92FC2DA493A8}.Release|Any CPU.ActiveCfg = Release|Any CPU
		{061A36B5-47F1-4427-9051-92FC2DA493A8}.Release|Any CPU.Build.0 = Release|Any CPU
		{061A36B5-47F1-4427-9051-92FC2DA493A8}.Release|x64.ActiveCfg = Release|Any CPU
		{061A36B5-47F1-4427-9051-92FC2DA493A8}.Release|x64.Build.0 = Release|Any CPU
		{061A36B5-47F1-4427-9051-92FC2DA493A8}.Release|x86.ActiveCfg = Release|Any CPU
		{061A36B5-47F1-4427-9051-92FC2DA493A8}.Release|x86.Build.0 = Release|Any CPU
		{A00EA36C-D1EC-45B4-8DCA-C99867D20745}.Debug|Any CPU.ActiveCfg = Debug|Any CPU
		{A00EA36C-D1EC-45B4-8DCA-C99867D20745}.Debug|Any CPU.Build.0 = Debug|Any CPU
		{A00EA36C-D1EC-45B4-8DCA-C99867D20745}.Debug|x64.ActiveCfg = Debug|Any CPU
		{A00EA36C-D1EC-45B4-8DCA-C99867D20745}.Debug|x64.Build.0 = Debug|Any CPU
		{A00EA36C-D1EC-45B4-8DCA-C99867D20745}.Debug|x86.ActiveCfg = Debug|Any CPU
		{A00EA36C-D1EC-45B4-8DCA-C99867D20745}.Debug|x86.Build.0 = Debug|Any CPU
		{A00EA36C-D1EC-45B4-8DCA-C99867D20745}.Release|Any CPU.ActiveCfg = Release|Any CPU
		{A00EA36C-D1EC-45B4-8DCA-C99867D20745}.Release|Any CPU.Build.0 = Release|Any CPU
		{A00EA36C-D1EC-45B4-8DCA-C99867D20745}.Release|x64.ActiveCfg = Release|Any CPU
		{A00EA36C-D1EC-45B4-8DCA-C99867D20745}.Release|x64.Build.0 = Release|Any CPU
		{A00EA36C-D1EC-45B4-8DCA-C99867D20745}.Release|x86.ActiveCfg = Release|Any CPU
		{A00EA36C-D1EC-45B4-8DCA-C99867D20745}.Release|x86.Build.0 = Release|Any CPU
		{E07E25E5-DD22-4A8A-B87C-1E4C846F2BEB}.Debug|Any CPU.ActiveCfg = Debug|Any CPU
		{E07E25E5-DD22-4A8A-B87C-1E4C846F2BEB}.Debug|Any CPU.Build.0 = Debug|Any CPU
		{E07E25E5-DD22-4A8A-B87C-1E4C846F2BEB}.Debug|x64.ActiveCfg = Debug|Any CPU
		{E07E25E5-DD22-4A8A-B87C-1E4C846F2BEB}.Debug|x64.Build.0 = Debug|Any CPU
		{E07E25E5-DD22-4A8A-B87C-1E4C846F2BEB}.Debug|x86.ActiveCfg = Debug|Any CPU
		{E07E25E5-DD22-4A8A-B87C-1E4C846F2BEB}.Debug|x86.Build.0 = Debug|Any CPU
		{E07E25E5-DD22-4A8A-B87C-1E4C846F2BEB}.Release|Any CPU.ActiveCfg = Release|Any CPU
		{E07E25E5-DD22-4A8A-B87C-1E4C846F2BEB}.Release|Any CPU.Build.0 = Release|Any CPU
		{E07E25E5-DD22-4A8A-B87C-1E4C846F2BEB}.Release|x64.ActiveCfg = Release|Any CPU
		{E07E25E5-DD22-4A8A-B87C-1E4C846F2BEB}.Release|x64.Build.0 = Release|Any CPU
		{E07E25E5-DD22-4A8A-B87C-1E4C846F2BEB}.Release|x86.ActiveCfg = Release|Any CPU
		{E07E25E5-DD22-4A8A-B87C-1E4C846F2BEB}.Release|x86.Build.0 = Release|Any CPU
		{2AC9767B-B645-4AB0-936D-342A45C56BFB}.Debug|Any CPU.ActiveCfg = Debug|Any CPU
		{2AC9767B-B645-4AB0-936D-342A45C56BFB}.Debug|Any CPU.Build.0 = Debug|Any CPU
		{2AC9767B-B645-4AB0-936D-342A45C56BFB}.Debug|x64.ActiveCfg = Debug|Any CPU
		{2AC9767B-B645-4AB0-936D-342A45C56BFB}.Debug|x64.Build.0 = Debug|Any CPU
		{2AC9767B-B645-4AB0-936D-342A45C56BFB}.Debug|x86.ActiveCfg = Debug|Any CPU
		{2AC9767B-B645-4AB0-936D-342A45C56BFB}.Debug|x86.Build.0 = Debug|Any CPU
		{2AC9767B-B645-4AB0-936D-342A45C56BFB}.Release|Any CPU.ActiveCfg = Release|Any CPU
		{2AC9767B-B645-4AB0-936D-342A45C56BFB}.Release|Any CPU.Build.0 = Release|Any CPU
		{2AC9767B-B645-4AB0-936D-342A45C56BFB}.Release|x64.ActiveCfg = Release|Any CPU
		{2AC9767B-B645-4AB0-936D-342A45C56BFB}.Release|x64.Build.0 = Release|Any CPU
		{2AC9767B-B645-4AB0-936D-342A45C56BFB}.Release|x86.ActiveCfg = Release|Any CPU
		{2AC9767B-B645-4AB0-936D-342A45C56BFB}.Release|x86.Build.0 = Release|Any CPU
	EndGlobalSection
	GlobalSection(SolutionProperties) = preSolution
		HideSolutionNode = FALSE
	EndGlobalSection
	GlobalSection(NestedProjects) = preSolution
		{C77F0509-B5EA-4083-85C2-96A37EABD538} = {827E0CD3-B72D-47B6-A68D-7590B98EB39B}
		{061A36B5-47F1-4427-9051-92FC2DA493A8} = {0AB3BF05-4346-4AA6-1389-037BE0695223}
		{A00EA36C-D1EC-45B4-8DCA-C99867D20745} = {5D20AA90-6969-D8BD-9DCD-8634F4692FDA}
		{E07E25E5-DD22-4A8A-B87C-1E4C846F2BEB} = {5D20AA90-6969-D8BD-9DCD-8634F4692FDA}
		{2AC9767B-B645-4AB0-936D-342A45C56BFB} = {5D20AA90-6969-D8BD-9DCD-8634F4692FDA}
	EndGlobalSection
EndGlobal
